
Microsoft Visual Studio Solution File, Format Version 12.00
# Visual Studio Version 17
VisualStudioVersion = 17.4.33122.133
MinimumVisualStudioVersion = 10.0.40219.1
Project("{9A19103F-16F7-4668-BE54-9A1E7A4F7556}") = "AutoMuteUsPortable.UI.Main", "AutoMuteUsPortable.UI.Main\AutoMuteUsPortable.UI.Main.csproj", "{A8517789-62E5-42AB-BE1C-25EA6DFE1AC3}"
EndProject
Project("{9A19103F-16F7-4668-BE54-9A1E7A4F7556}") = "AutoMuteUsPortable", "AutoMuteUsPortable\AutoMuteUsPortable.csproj", "{4F3DFD2B-D2FC-4F62-B984-6FDCA2E6DC09}"
EndProject
Project("{9A19103F-16F7-4668-BE54-9A1E7A4F7556}") = "AutoMuteUsPortable.Core", "AutoMuteUsPortable.Core\AutoMuteUsPortable.Core.csproj", "{07D055D1-0FAB-4301-9462-609834C90CD7}"
EndProject
Project("{9A19103F-16F7-4668-BE54-9A1E7A4F7556}") = "AutoMuteUsPortable.Shared", "AutoMuteUsPortable.Shared\AutoMuteUsPortable.Shared.csproj", "{2878BC44-4393-4A70-A2D2-89B35977E820}"
EndProject
Project("{FAE04EC0-301F-11D3-BF4B-00C04F79EFBC}") = "AutoMuteUsPortable.PocketBaseClient", "AutoMuteUsPortable.PocketBaseClient\AutoMuteUsPortable.PocketBaseClient.csproj", "{1041FC4F-3FA3-4D7D-8C54-89E2CB05245E}"
EndProject
Global
	GlobalSection(SolutionConfigurationPlatforms) = preSolution
		Debug|Any CPU = Debug|Any CPU
		Release|Any CPU = Release|Any CPU
	EndGlobalSection
	GlobalSection(ProjectConfigurationPlatforms) = postSolution
		{A8517789-62E5-42AB-BE1C-25EA6DFE1AC3}.Debug|Any CPU.ActiveCfg = Debug|Any CPU
		{A8517789-62E5-42AB-BE1C-25EA6DFE1AC3}.Debug|Any CPU.Build.0 = Debug|Any CPU
		{A8517789-62E5-42AB-BE1C-25EA6DFE1AC3}.Release|Any CPU.ActiveCfg = Release|Any CPU
		{A8517789-62E5-42AB-BE1C-25EA6DFE1AC3}.Release|Any CPU.Build.0 = Release|Any CPU
		{4F3DFD2B-D2FC-4F62-B984-6FDCA2E6DC09}.Debug|Any CPU.ActiveCfg = Debug|Any CPU
		{4F3DFD2B-D2FC-4F62-B984-6FDCA2E6DC09}.Debug|Any CPU.Build.0 = Debug|Any CPU
		{4F3DFD2B-D2FC-4F62-B984-6FDCA2E6DC09}.Release|Any CPU.ActiveCfg = Release|Any CPU
		{4F3DFD2B-D2FC-4F62-B984-6FDCA2E6DC09}.Release|Any CPU.Build.0 = Release|Any CPU
		{07D055D1-0FAB-4301-9462-609834C90CD7}.Debug|Any CPU.ActiveCfg = Debug|Any CPU
		{07D055D1-0FAB-4301-9462-609834C90CD7}.Debug|Any CPU.Build.0 = Debug|Any CPU
		{07D055D1-0FAB-4301-9462-609834C90CD7}.Release|Any CPU.ActiveCfg = Release|Any CPU
		{07D055D1-0FAB-4301-9462-609834C90CD7}.Release|Any CPU.Build.0 = Release|Any CPU
		{2878BC44-4393-4A70-A2D2-89B35977E820}.Debug|Any CPU.ActiveCfg = Debug|Any CPU
		{2878BC44-4393-4A70-A2D2-89B35977E820}.Debug|Any CPU.Build.0 = Debug|Any CPU
		{2878BC44-4393-4A70-A2D2-89B35977E820}.Release|Any CPU.ActiveCfg = Release|Any CPU
		{2878BC44-4393-4A70-A2D2-89B35977E820}.Release|Any CPU.Build.0 = Release|Any CPU
		{1041FC4F-3FA3-4D7D-8C54-89E2CB05245E}.Debug|Any CPU.ActiveCfg = Debug|Any CPU
		{1041FC4F-3FA3-4D7D-8C54-89E2CB05245E}.Debug|Any CPU.Build.0 = Debug|Any CPU
		{1041FC4F-3FA3-4D7D-8C54-89E2CB05245E}.Release|Any CPU.ActiveCfg = Release|Any CPU
		{1041FC4F-3FA3-4D7D-8C54-89E2CB05245E}.Release|Any CPU.Build.0 = Release|Any CPU
	EndGlobalSection
	GlobalSection(SolutionProperties) = preSolution
		HideSolutionNode = FALSE
	EndGlobalSection
	GlobalSection(ExtensibilityGlobals) = postSolution
		SolutionGuid = {D11E3FF4-C7B6-4C7C-8382-4924D43A23F1}
	EndGlobalSection
EndGlobal
